
Microsoft Visual Studio Solution File, Format Version 12.00
# Visual Studio Version 17
VisualStudioVersion = 17.2.32630.192
MinimumVisualStudioVersion = 10.0.40219.1
Project("{FAE04EC0-301F-11D3-BF4B-00C04F79EFBC}") = "eTickets", "eTickets\eTickets.csproj", "{DAA23012-47FD-498A-883C-1BCD4BFB7C63}"
EndProject
Global
	GlobalSection(SolutionConfigurationPlatforms) = preSolution
		Debug|Any CPU = Debug|Any CPU
		Release|Any CPU = Release|Any CPU
	EndGlobalSection
	GlobalSection(ProjectConfigurationPlatforms) = postSolution
		{DAA23012-47FD-498A-883C-1BCD4BFB7C63}.Debug|Any CPU.ActiveCfg = Debug|Any CPU
		{DAA23012-47FD-498A-883C-1BCD4BFB7C63}.Debug|Any CPU.Build.0 = Debug|Any CPU
		{DAA23012-47FD-498A-883C-1BCD4BFB7C63}.Release|Any CPU.ActiveCfg = Release|Any CPU
		{DAA23012-47FD-498A-883C-1BCD4BFB7C63}.Release|Any CPU.Build.0 = Release|Any CPU
	EndGlobalSection
	GlobalSection(SolutionProperties) = preSolution
		HideSolutionNode = FALSE
	EndGlobalSection
	GlobalSection(ExtensibilityGlobals) = postSolution
		SolutionGuid = {83906109-D5E9-4A7D-A988-C2FA1959C46B}
	EndGlobalSection
EndGlobal
